// !$*UTF8*$!
{
	archiveVersion = 1;
	classes = {
	};
	objectVersion = 46;
	objects = {

/* Begin PBXBuildFile section */
		0E75C5A31BE3CA9F00844634 /* SlideMenuController.swift in Sources */ = {isa = PBXBuildFile; fileRef = C5BA8AA51A43E2EF00863FB9 /* SlideMenuController.swift */; };
		0E75C5A61BE3CAFE00844634 /* Info.plist in Resources */ = {isa = PBXBuildFile; fileRef = 0E75C5A41BE3CAFE00844634 /* Info.plist */; };
		0EB8EBFF1BE3CF3C00BC2A99 /* SlideMenuControllerSwift.h in Headers */ = {isa = PBXBuildFile; fileRef = 0E75C5A51BE3CAFE00844634 /* SlideMenuControllerSwift.h */; settings = {ATTRIBUTES = (Public, ); }; };
		C539E6471A315E87003B7CC7 /* AppDelegate.swift in Sources */ = {isa = PBXBuildFile; fileRef = C539E6461A315E87003B7CC7 /* AppDelegate.swift */; };
		C539E64A1A315E87003B7CC7 /* SlideMenuControllerSwift.xcdatamodeld in Sources */ = {isa = PBXBuildFile; fileRef = C539E6481A315E87003B7CC7 /* SlideMenuControllerSwift.xcdatamodeld */; };
		C539E64C1A315E87003B7CC7 /* MainViewController.swift in Sources */ = {isa = PBXBuildFile; fileRef = C539E64B1A315E87003B7CC7 /* MainViewController.swift */; };
		C539E64F1A315E87003B7CC7 /* Main.storyboard in Resources */ = {isa = PBXBuildFile; fileRef = C539E64D1A315E87003B7CC7 /* Main.storyboard */; };
		C539E6511A315E87003B7CC7 /* Images.xcassets in Resources */ = {isa = PBXBuildFile; fileRef = C539E6501A315E87003B7CC7 /* Images.xcassets */; };
		C539E6541A315E87003B7CC7 /* LaunchScreen.xib in Resources */ = {isa = PBXBuildFile; fileRef = C539E6521A315E87003B7CC7 /* LaunchScreen.xib */; };
		C539E6601A315E87003B7CC7 /* SlideMenuControllerSwiftTests.swift in Sources */ = {isa = PBXBuildFile; fileRef = C539E65F1A315E87003B7CC7 /* SlideMenuControllerSwiftTests.swift */; };
		C539E66C1A316C78003B7CC7 /* LeftViewController.swift in Sources */ = {isa = PBXBuildFile; fileRef = C539E66B1A316C78003B7CC7 /* LeftViewController.swift */; };
		C539E66E1A316F5F003B7CC7 /* RightViewController.swift in Sources */ = {isa = PBXBuildFile; fileRef = C539E66D1A316F5F003B7CC7 /* RightViewController.swift */; };
		C5498C7E1BE897250076A7C5 /* ImageHeaderView.swift in Sources */ = {isa = PBXBuildFile; fileRef = C5498C7D1BE897250076A7C5 /* ImageHeaderView.swift */; };
		C5498C801BE897660076A7C5 /* ImageHeaderView.xib in Resources */ = {isa = PBXBuildFile; fileRef = C5498C7F1BE897660076A7C5 /* ImageHeaderView.xib */; };
		C5498C821BE8994F0076A7C5 /* UIImageView.swift in Sources */ = {isa = PBXBuildFile; fileRef = C5498C811BE8994F0076A7C5 /* UIImageView.swift */; };
		C5BA8AA61A43E2EF00863FB9 /* SlideMenuController.swift in Sources */ = {isa = PBXBuildFile; fileRef = C5BA8AA51A43E2EF00863FB9 /* SlideMenuController.swift */; };
		C5BD39DA1A6CD12300D0AF95 /* SwiftViewController.swift in Sources */ = {isa = PBXBuildFile; fileRef = C5BD39D91A6CD12300D0AF95 /* SwiftViewController.swift */; };
		C5BD39DC1A6CD15700D0AF95 /* JavaViewController.swift in Sources */ = {isa = PBXBuildFile; fileRef = C5BD39DB1A6CD15700D0AF95 /* JavaViewController.swift */; };
		C5BD39DE1A6CD17B00D0AF95 /* GoViewController.swift in Sources */ = {isa = PBXBuildFile; fileRef = C5BD39DD1A6CD17B00D0AF95 /* GoViewController.swift */; };
		C5BD39E01A6CDC8100D0AF95 /* UIViewController.swift in Sources */ = {isa = PBXBuildFile; fileRef = C5BD39DF1A6CDC8100D0AF95 /* UIViewController.swift */; };
		C5BF6A821BEEF1A70064C18E /* DataTableViewCell.swift in Sources */ = {isa = PBXBuildFile; fileRef = C5BF6A811BEEF1A70064C18E /* DataTableViewCell.swift */; };
		C5BF6A841BEEF1E70064C18E /* DataTableViewCell.xib in Resources */ = {isa = PBXBuildFile; fileRef = C5BF6A831BEEF1E70064C18E /* DataTableViewCell.xib */; };
		C5BF6A861BEF4C080064C18E /* SubContentsViewController.swift in Sources */ = {isa = PBXBuildFile; fileRef = C5BF6A851BEF4C080064C18E /* SubContentsViewController.swift */; };
		C5BF6A8A1BF3335D0064C18E /* SubContentsViewController.storyboard in Resources */ = {isa = PBXBuildFile; fileRef = C5BF6A891BF3335D0064C18E /* SubContentsViewController.storyboard */; };
		C5BF6A8C1BF340020064C18E /* ExSlideMenuController.swift in Sources */ = {isa = PBXBuildFile; fileRef = C5BF6A8B1BF340020064C18E /* ExSlideMenuController.swift */; };
		C5BF6A8E1BF34A8B0064C18E /* UIApplication.swift in Sources */ = {isa = PBXBuildFile; fileRef = C5BF6A8D1BF34A8B0064C18E /* UIApplication.swift */; };
		C5C1CE5B1A70DADF00B6E411 /* NonMenuController.swift in Sources */ = {isa = PBXBuildFile; fileRef = C5C1CE5A1A70DADF00B6E411 /* NonMenuController.swift */; };
		C5C1CE5D1A70F27500B6E411 /* BaseTableViewCell.swift in Sources */ = {isa = PBXBuildFile; fileRef = C5C1CE5C1A70F27500B6E411 /* BaseTableViewCell.swift */; };
		C5C1CE5F1A70F2FD00B6E411 /* String.swift in Sources */ = {isa = PBXBuildFile; fileRef = C5C1CE5E1A70F2FD00B6E411 /* String.swift */; };
		C5C1CE611A70F3B600B6E411 /* UITableViewExtension.swift in Sources */ = {isa = PBXBuildFile; fileRef = C5C1CE601A70F3B600B6E411 /* UITableViewExtension.swift */; };
		C5F179CE1BEB2A5900EEDD9A /* UIImage.swift in Sources */ = {isa = PBXBuildFile; fileRef = C5F179CD1BEB2A5900EEDD9A /* UIImage.swift */; };
		C5F179D01BEB2CB500EEDD9A /* UIView.swift in Sources */ = {isa = PBXBuildFile; fileRef = C5F179CF1BEB2CB500EEDD9A /* UIView.swift */; };
		C5F179D21BEB2FAF00EEDD9A /* UIColor.swift in Sources */ = {isa = PBXBuildFile; fileRef = C5F179D11BEB2FAF00EEDD9A /* UIColor.swift */; };
/* End PBXBuildFile section */

/* Begin PBXContainerItemProxy section */
		C539E65A1A315E87003B7CC7 /* PBXContainerItemProxy */ = {
			isa = PBXContainerItemProxy;
			containerPortal = C539E6391A315E87003B7CC7 /* Project object */;
			proxyType = 1;
			remoteGlobalIDString = C539E6401A315E87003B7CC7;
			remoteInfo = SlideMenuControllerSwift;
		};
/* End PBXContainerItemProxy section */

/* Begin PBXFileReference section */
		0E75C5961BE3CA7900844634 /* SlideMenuControllerSwift.framework */ = {isa = PBXFileReference; explicitFileType = wrapper.framework; includeInIndex = 0; path = SlideMenuControllerSwift.framework; sourceTree = BUILT_PRODUCTS_DIR; };
		0E75C5A41BE3CAFE00844634 /* Info.plist */ = {isa = PBXFileReference; fileEncoding = 4; lastKnownFileType = text.plist.xml; name = Info.plist; path = Source/Info.plist; sourceTree = "<group>"; };
		0E75C5A51BE3CAFE00844634 /* SlideMenuControllerSwift.h */ = {isa = PBXFileReference; fileEncoding = 4; lastKnownFileType = sourcecode.c.h; name = SlideMenuControllerSwift.h; path = Source/SlideMenuControllerSwift.h; sourceTree = "<group>"; };
		C539E6411A315E87003B7CC7 /* SlideMenuControllerSwift.app */ = {isa = PBXFileReference; explicitFileType = wrapper.application; includeInIndex = 0; path = SlideMenuControllerSwift.app; sourceTree = BUILT_PRODUCTS_DIR; };
		C539E6451A315E87003B7CC7 /* Info.plist */ = {isa = PBXFileReference; lastKnownFileType = text.plist.xml; path = Info.plist; sourceTree = "<group>"; };
		C539E6461A315E87003B7CC7 /* AppDelegate.swift */ = {isa = PBXFileReference; lastKnownFileType = sourcecode.swift; path = AppDelegate.swift; sourceTree = "<group>"; };
		C539E6491A315E87003B7CC7 /* SlideMenuControllerSwift.xcdatamodel */ = {isa = PBXFileReference; lastKnownFileType = wrapper.xcdatamodel; path = SlideMenuControllerSwift.xcdatamodel; sourceTree = "<group>"; };
		C539E64B1A315E87003B7CC7 /* MainViewController.swift */ = {isa = PBXFileReference; lastKnownFileType = sourcecode.swift; path = MainViewController.swift; sourceTree = "<group>"; };
		C539E64E1A315E87003B7CC7 /* Base */ = {isa = PBXFileReference; lastKnownFileType = file.storyboard; name = Base; path = Base.lproj/Main.storyboard; sourceTree = "<group>"; };
		C539E6501A315E87003B7CC7 /* Images.xcassets */ = {isa = PBXFileReference; lastKnownFileType = folder.assetcatalog; path = Images.xcassets; sourceTree = "<group>"; };
		C539E6531A315E87003B7CC7 /* Base */ = {isa = PBXFileReference; lastKnownFileType = file.xib; name = Base; path = Base.lproj/LaunchScreen.xib; sourceTree = "<group>"; };
		C539E6591A315E87003B7CC7 /* SlideMenuControllerSwiftTests.xctest */ = {isa = PBXFileReference; explicitFileType = wrapper.cfbundle; includeInIndex = 0; path = SlideMenuControllerSwiftTests.xctest; sourceTree = BUILT_PRODUCTS_DIR; };
		C539E65E1A315E87003B7CC7 /* Info.plist */ = {isa = PBXFileReference; lastKnownFileType = text.plist.xml; path = Info.plist; sourceTree = "<group>"; };
		C539E65F1A315E87003B7CC7 /* SlideMenuControllerSwiftTests.swift */ = {isa = PBXFileReference; lastKnownFileType = sourcecode.swift; path = SlideMenuControllerSwiftTests.swift; sourceTree = "<group>"; };
		C539E66B1A316C78003B7CC7 /* LeftViewController.swift */ = {isa = PBXFileReference; fileEncoding = 4; lastKnownFileType = sourcecode.swift; path = LeftViewController.swift; sourceTree = "<group>"; };
		C539E66D1A316F5F003B7CC7 /* RightViewController.swift */ = {isa = PBXFileReference; fileEncoding = 4; lastKnownFileType = sourcecode.swift; path = RightViewController.swift; sourceTree = "<group>"; };
		C5498C7D1BE897250076A7C5 /* ImageHeaderView.swift */ = {isa = PBXFileReference; fileEncoding = 4; lastKnownFileType = sourcecode.swift; path = ImageHeaderView.swift; sourceTree = "<group>"; };
		C5498C7F1BE897660076A7C5 /* ImageHeaderView.xib */ = {isa = PBXFileReference; fileEncoding = 4; lastKnownFileType = file.xib; path = ImageHeaderView.xib; sourceTree = "<group>"; };
		C5498C811BE8994F0076A7C5 /* UIImageView.swift */ = {isa = PBXFileReference; fileEncoding = 4; lastKnownFileType = sourcecode.swift; path = UIImageView.swift; sourceTree = "<group>"; };
		C5BA8AA51A43E2EF00863FB9 /* SlideMenuController.swift */ = {isa = PBXFileReference; fileEncoding = 4; lastKnownFileType = sourcecode.swift; name = SlideMenuController.swift; path = Source/SlideMenuController.swift; sourceTree = "<group>"; };
		C5BD39D91A6CD12300D0AF95 /* SwiftViewController.swift */ = {isa = PBXFileReference; fileEncoding = 4; lastKnownFileType = sourcecode.swift; path = SwiftViewController.swift; sourceTree = "<group>"; };
		C5BD39DB1A6CD15700D0AF95 /* JavaViewController.swift */ = {isa = PBXFileReference; fileEncoding = 4; lastKnownFileType = sourcecode.swift; path = JavaViewController.swift; sourceTree = "<group>"; };
		C5BD39DD1A6CD17B00D0AF95 /* GoViewController.swift */ = {isa = PBXFileReference; fileEncoding = 4; lastKnownFileType = sourcecode.swift; path = GoViewController.swift; sourceTree = "<group>"; };
		C5BD39DF1A6CDC8100D0AF95 /* UIViewController.swift */ = {isa = PBXFileReference; fileEncoding = 4; lastKnownFileType = sourcecode.swift; path = UIViewController.swift; sourceTree = "<group>"; };
		C5BF6A811BEEF1A70064C18E /* DataTableViewCell.swift */ = {isa = PBXFileReference; fileEncoding = 4; lastKnownFileType = sourcecode.swift; path = DataTableViewCell.swift; sourceTree = "<group>"; };
		C5BF6A831BEEF1E70064C18E /* DataTableViewCell.xib */ = {isa = PBXFileReference; fileEncoding = 4; lastKnownFileType = file.xib; path = DataTableViewCell.xib; sourceTree = "<group>"; };
		C5BF6A851BEF4C080064C18E /* SubContentsViewController.swift */ = {isa = PBXFileReference; fileEncoding = 4; lastKnownFileType = sourcecode.swift; path = SubContentsViewController.swift; sourceTree = "<group>"; };
		C5BF6A891BF3335D0064C18E /* SubContentsViewController.storyboard */ = {isa = PBXFileReference; fileEncoding = 4; lastKnownFileType = file.storyboard; path = SubContentsViewController.storyboard; sourceTree = "<group>"; };
		C5BF6A8B1BF340020064C18E /* ExSlideMenuController.swift */ = {isa = PBXFileReference; fileEncoding = 4; lastKnownFileType = sourcecode.swift; path = ExSlideMenuController.swift; sourceTree = "<group>"; };
		C5BF6A8D1BF34A8B0064C18E /* UIApplication.swift */ = {isa = PBXFileReference; fileEncoding = 4; lastKnownFileType = sourcecode.swift; path = UIApplication.swift; sourceTree = "<group>"; };
		C5C1CE5A1A70DADF00B6E411 /* NonMenuController.swift */ = {isa = PBXFileReference; fileEncoding = 4; lastKnownFileType = sourcecode.swift; path = NonMenuController.swift; sourceTree = "<group>"; };
		C5C1CE5C1A70F27500B6E411 /* BaseTableViewCell.swift */ = {isa = PBXFileReference; fileEncoding = 4; lastKnownFileType = sourcecode.swift; path = BaseTableViewCell.swift; sourceTree = "<group>"; };
		C5C1CE5E1A70F2FD00B6E411 /* String.swift */ = {isa = PBXFileReference; fileEncoding = 4; lastKnownFileType = sourcecode.swift; path = String.swift; sourceTree = "<group>"; };
		C5C1CE601A70F3B600B6E411 /* UITableViewExtension.swift */ = {isa = PBXFileReference; fileEncoding = 4; lastKnownFileType = sourcecode.swift; path = UITableViewExtension.swift; sourceTree = "<group>"; };
		C5F179CD1BEB2A5900EEDD9A /* UIImage.swift */ = {isa = PBXFileReference; fileEncoding = 4; lastKnownFileType = sourcecode.swift; path = UIImage.swift; sourceTree = "<group>"; };
		C5F179CF1BEB2CB500EEDD9A /* UIView.swift */ = {isa = PBXFileReference; fileEncoding = 4; lastKnownFileType = sourcecode.swift; path = UIView.swift; sourceTree = "<group>"; };
		C5F179D11BEB2FAF00EEDD9A /* UIColor.swift */ = {isa = PBXFileReference; fileEncoding = 4; lastKnownFileType = sourcecode.swift; path = UIColor.swift; sourceTree = "<group>"; };
/* End PBXFileReference section */

/* Begin PBXFrameworksBuildPhase section */
		0E75C5921BE3CA7900844634 /* Frameworks */ = {
			isa = PBXFrameworksBuildPhase;
			buildActionMask = 2147483647;
			files = (
			);
			runOnlyForDeploymentPostprocessing = 0;
		};
		C539E63E1A315E87003B7CC7 /* Frameworks */ = {
			isa = PBXFrameworksBuildPhase;
			buildActionMask = 2147483647;
			files = (
			);
			runOnlyForDeploymentPostprocessing = 0;
		};
		C539E6561A315E87003B7CC7 /* Frameworks */ = {
			isa = PBXFrameworksBuildPhase;
			buildActionMask = 2147483647;
			files = (
			);
			runOnlyForDeploymentPostprocessing = 0;
		};
/* End PBXFrameworksBuildPhase section */

/* Begin PBXGroup section */
		0E75C5A71BE3CB0D00844634 /* Supporting Files */ = {
			isa = PBXGroup;
			children = (
				0E75C5A41BE3CAFE00844634 /* Info.plist */,
			);
			name = "Supporting Files";
			sourceTree = "<group>";
		};
		C539E6381A315E87003B7CC7 = {
			isa = PBXGroup;
			children = (
				C5BA8AA41A43E24C00863FB9 /* Source */,
				C539E6431A315E87003B7CC7 /* SlideMenuControllerSwift */,
				C539E65C1A315E87003B7CC7 /* SlideMenuControllerSwiftTests */,
				C539E6421A315E87003B7CC7 /* Products */,
			);
			sourceTree = "<group>";
		};
		C539E6421A315E87003B7CC7 /* Products */ = {
			isa = PBXGroup;
			children = (
				C539E6411A315E87003B7CC7 /* SlideMenuControllerSwift.app */,
				C539E6591A315E87003B7CC7 /* SlideMenuControllerSwiftTests.xctest */,
				0E75C5961BE3CA7900844634 /* SlideMenuControllerSwift.framework */,
			);
			name = Products;
			sourceTree = "<group>";
		};
		C539E6431A315E87003B7CC7 /* SlideMenuControllerSwift */ = {
			isa = PBXGroup;
			children = (
				C539E6461A315E87003B7CC7 /* AppDelegate.swift */,
				C5C1CE631A70F7C400B6E411 /* ViewController */,
				C5C1CE641A70F7EC00B6E411 /* View */,
				C5C1CE621A70F7AA00B6E411 /* Extension */,
				C539E6501A315E87003B7CC7 /* Images.xcassets */,
				C539E6521A315E87003B7CC7 /* LaunchScreen.xib */,
				C539E6481A315E87003B7CC7 /* SlideMenuControllerSwift.xcdatamodeld */,
				C539E6441A315E87003B7CC7 /* Supporting Files */,
			);
			path = SlideMenuControllerSwift;
			sourceTree = "<group>";
		};
		C539E6441A315E87003B7CC7 /* Supporting Files */ = {
			isa = PBXGroup;
			children = (
				C539E6451A315E87003B7CC7 /* Info.plist */,
			);
			name = "Supporting Files";
			sourceTree = "<group>";
		};
		C539E65C1A315E87003B7CC7 /* SlideMenuControllerSwiftTests */ = {
			isa = PBXGroup;
			children = (
				C539E65F1A315E87003B7CC7 /* SlideMenuControllerSwiftTests.swift */,
				C539E65D1A315E87003B7CC7 /* Supporting Files */,
			);
			path = SlideMenuControllerSwiftTests;
			sourceTree = "<group>";
		};
		C539E65D1A315E87003B7CC7 /* Supporting Files */ = {
			isa = PBXGroup;
			children = (
				C539E65E1A315E87003B7CC7 /* Info.plist */,
			);
			name = "Supporting Files";
			sourceTree = "<group>";
		};
		C5498C831BE89BD90076A7C5 /* TableViewCell */ = {
			isa = PBXGroup;
			children = (
				C5C1CE5C1A70F27500B6E411 /* BaseTableViewCell.swift */,
				C5BF6A811BEEF1A70064C18E /* DataTableViewCell.swift */,
				C5BF6A831BEEF1E70064C18E /* DataTableViewCell.xib */,
			);
			name = TableViewCell;
			sourceTree = "<group>";
		};
		C5BA8AA41A43E24C00863FB9 /* Source */ = {
			isa = PBXGroup;
			children = (
				0E75C5A51BE3CAFE00844634 /* SlideMenuControllerSwift.h */,
				C5BA8AA51A43E2EF00863FB9 /* SlideMenuController.swift */,
				0E75C5A71BE3CB0D00844634 /* Supporting Files */,
			);
			name = Source;
			sourceTree = "<group>";
		};
		C5C1CE621A70F7AA00B6E411 /* Extension */ = {
			isa = PBXGroup;
			children = (
				C5C1CE5E1A70F2FD00B6E411 /* String.swift */,
				C5C1CE601A70F3B600B6E411 /* UITableViewExtension.swift */,
				C5BD39DF1A6CDC8100D0AF95 /* UIViewController.swift */,
				C5498C811BE8994F0076A7C5 /* UIImageView.swift */,
				C5F179CD1BEB2A5900EEDD9A /* UIImage.swift */,
				C5F179CF1BEB2CB500EEDD9A /* UIView.swift */,
				C5F179D11BEB2FAF00EEDD9A /* UIColor.swift */,
				C5BF6A8D1BF34A8B0064C18E /* UIApplication.swift */,
			);
			name = Extension;
			sourceTree = "<group>";
		};
		C5C1CE631A70F7C400B6E411 /* ViewController */ = {
			isa = PBXGroup;
			children = (
				C539E64B1A315E87003B7CC7 /* MainViewController.swift */,
				C539E66B1A316C78003B7CC7 /* LeftViewController.swift */,
				C539E66D1A316F5F003B7CC7 /* RightViewController.swift */,
				C5BD39D91A6CD12300D0AF95 /* SwiftViewController.swift */,
				C5BD39DB1A6CD15700D0AF95 /* JavaViewController.swift */,
				C5BD39DD1A6CD17B00D0AF95 /* GoViewController.swift */,
				C5C1CE5A1A70DADF00B6E411 /* NonMenuController.swift */,
				C539E64D1A315E87003B7CC7 /* Main.storyboard */,
				C5BF6A851BEF4C080064C18E /* SubContentsViewController.swift */,
				C5BF6A891BF3335D0064C18E /* SubContentsViewController.storyboard */,
				C5BF6A8B1BF340020064C18E /* ExSlideMenuController.swift */,
			);
			name = ViewController;
			sourceTree = "<group>";
		};
		C5C1CE641A70F7EC00B6E411 /* View */ = {
			isa = PBXGroup;
			children = (
				C5498C7D1BE897250076A7C5 /* ImageHeaderView.swift */,
				C5498C7F1BE897660076A7C5 /* ImageHeaderView.xib */,
				C5498C831BE89BD90076A7C5 /* TableViewCell */,
			);
			name = View;
			sourceTree = "<group>";
		};
/* End PBXGroup section */

/* Begin PBXHeadersBuildPhase section */
		0E75C5931BE3CA7900844634 /* Headers */ = {
			isa = PBXHeadersBuildPhase;
			buildActionMask = 2147483647;
			files = (
				0EB8EBFF1BE3CF3C00BC2A99 /* SlideMenuControllerSwift.h in Headers */,
			);
			runOnlyForDeploymentPostprocessing = 0;
		};
/* End PBXHeadersBuildPhase section */

/* Begin PBXNativeTarget section */
		0E75C5951BE3CA7900844634 /* SlideMenuControllerSwift-iOS */ = {
			isa = PBXNativeTarget;
			buildConfigurationList = 0E75C5A11BE3CA7900844634 /* Build configuration list for PBXNativeTarget "SlideMenuControllerSwift-iOS" */;
			buildPhases = (
				0E75C5911BE3CA7900844634 /* Sources */,
				0E75C5921BE3CA7900844634 /* Frameworks */,
				0E75C5931BE3CA7900844634 /* Headers */,
				0E75C5941BE3CA7900844634 /* Resources */,
			);
			buildRules = (
			);
			dependencies = (
			);
			name = "SlideMenuControllerSwift-iOS";
			productName = "SlideMenuControllerSwift-iOS";
			productReference = 0E75C5961BE3CA7900844634 /* SlideMenuControllerSwift.framework */;
			productType = "com.apple.product-type.framework";
		};
		C539E6401A315E87003B7CC7 /* SlideMenuControllerSwift */ = {
			isa = PBXNativeTarget;
			buildConfigurationList = C539E6631A315E87003B7CC7 /* Build configuration list for PBXNativeTarget "SlideMenuControllerSwift" */;
			buildPhases = (
				C539E63D1A315E87003B7CC7 /* Sources */,
				C539E63E1A315E87003B7CC7 /* Frameworks */,
				C539E63F1A315E87003B7CC7 /* Resources */,
			);
			buildRules = (
			);
			dependencies = (
			);
			name = SlideMenuControllerSwift;
			productName = SlideMenuControllerSwift;
			productReference = C539E6411A315E87003B7CC7 /* SlideMenuControllerSwift.app */;
			productType = "com.apple.product-type.application";
		};
		C539E6581A315E87003B7CC7 /* SlideMenuControllerSwiftTests */ = {
			isa = PBXNativeTarget;
			buildConfigurationList = C539E6661A315E87003B7CC7 /* Build configuration list for PBXNativeTarget "SlideMenuControllerSwiftTests" */;
			buildPhases = (
				C539E6551A315E87003B7CC7 /* Sources */,
				C539E6561A315E87003B7CC7 /* Frameworks */,
				C539E6571A315E87003B7CC7 /* Resources */,
			);
			buildRules = (
			);
			dependencies = (
				C539E65B1A315E87003B7CC7 /* PBXTargetDependency */,
			);
			name = SlideMenuControllerSwiftTests;
			productName = SlideMenuControllerSwiftTests;
			productReference = C539E6591A315E87003B7CC7 /* SlideMenuControllerSwiftTests.xctest */;
			productType = "com.apple.product-type.bundle.unit-test";
		};
/* End PBXNativeTarget section */

/* Begin PBXProject section */
		C539E6391A315E87003B7CC7 /* Project object */ = {
			isa = PBXProject;
			attributes = {
				LastSwiftMigration = 0700;
				LastSwiftUpdateCheck = 0700;
				LastUpgradeCheck = 0900;
				ORGANIZATIONNAME = "Yuji Hato";
				TargetAttributes = {
					0E75C5951BE3CA7900844634 = {
						CreatedOnToolsVersion = 7.1;
					};
					C539E6401A315E87003B7CC7 = {
						CreatedOnToolsVersion = 6.1.1;
						LastSwiftMigration = 0800;
					};
					C539E6581A315E87003B7CC7 = {
						CreatedOnToolsVersion = 6.1.1;
						LastSwiftMigration = 0800;
						TestTargetID = C539E6401A315E87003B7CC7;
					};
				};
			};
			buildConfigurationList = C539E63C1A315E87003B7CC7 /* Build configuration list for PBXProject "SlideMenuControllerSwift" */;
			compatibilityVersion = "Xcode 3.2";
			developmentRegion = English;
			hasScannedForEncodings = 0;
			knownRegions = (
				en,
				Base,
			);
			mainGroup = C539E6381A315E87003B7CC7;
			productRefGroup = C539E6421A315E87003B7CC7 /* Products */;
			projectDirPath = "";
			projectRoot = "";
			targets = (
				C539E6401A315E87003B7CC7 /* SlideMenuControllerSwift */,
				C539E6581A315E87003B7CC7 /* SlideMenuControllerSwiftTests */,
				0E75C5951BE3CA7900844634 /* SlideMenuControllerSwift-iOS */,
			);
		};
/* End PBXProject section */

/* Begin PBXResourcesBuildPhase section */
		0E75C5941BE3CA7900844634 /* Resources */ = {
			isa = PBXResourcesBuildPhase;
			buildActionMask = 2147483647;
			files = (
			);
			runOnlyForDeploymentPostprocessing = 0;
		};
		C539E63F1A315E87003B7CC7 /* Resources */ = {
			isa = PBXResourcesBuildPhase;
			buildActionMask = 2147483647;
			files = (
				C5498C801BE897660076A7C5 /* ImageHeaderView.xib in Resources */,
				C5BF6A8A1BF3335D0064C18E /* SubContentsViewController.storyboard in Resources */,
				C5BF6A841BEEF1E70064C18E /* DataTableViewCell.xib in Resources */,
				0E75C5A61BE3CAFE00844634 /* Info.plist in Resources */,
				C539E64F1A315E87003B7CC7 /* Main.storyboard in Resources */,
				C539E6541A315E87003B7CC7 /* LaunchScreen.xib in Resources */,
				C539E6511A315E87003B7CC7 /* Images.xcassets in Resources */,
			);
			runOnlyForDeploymentPostprocessing = 0;
		};
		C539E6571A315E87003B7CC7 /* Resources */ = {
			isa = PBXResourcesBuildPhase;
			buildActionMask = 2147483647;
			files = (
			);
			runOnlyForDeploymentPostprocessing = 0;
		};
/* End PBXResourcesBuildPhase section */

/* Begin PBXSourcesBuildPhase section */
		0E75C5911BE3CA7900844634 /* Sources */ = {
			isa = PBXSourcesBuildPhase;
			buildActionMask = 2147483647;
			files = (
				0E75C5A31BE3CA9F00844634 /* SlideMenuController.swift in Sources */,
			);
			runOnlyForDeploymentPostprocessing = 0;
		};
		C539E63D1A315E87003B7CC7 /* Sources */ = {
			isa = PBXSourcesBuildPhase;
			buildActionMask = 2147483647;
			files = (
				C5BF6A8E1BF34A8B0064C18E /* UIApplication.swift in Sources */,
				C5BD39DE1A6CD17B00D0AF95 /* GoViewController.swift in Sources */,
				C539E64C1A315E87003B7CC7 /* MainViewController.swift in Sources */,
				C5BD39E01A6CDC8100D0AF95 /* UIViewController.swift in Sources */,
				C5C1CE611A70F3B600B6E411 /* UITableViewExtension.swift in Sources */,
				C539E64A1A315E87003B7CC7 /* SlideMenuControllerSwift.xcdatamodeld in Sources */,
				C5BF6A8C1BF340020064C18E /* ExSlideMenuController.swift in Sources */,
				C5C1CE5D1A70F27500B6E411 /* BaseTableViewCell.swift in Sources */,
				C539E66C1A316C78003B7CC7 /* LeftViewController.swift in Sources */,
				C5BF6A821BEEF1A70064C18E /* DataTableViewCell.swift in Sources */,
				C539E6471A315E87003B7CC7 /* AppDelegate.swift in Sources */,
				C5F179D21BEB2FAF00EEDD9A /* UIColor.swift in Sources */,
				C5F179CE1BEB2A5900EEDD9A /* UIImage.swift in Sources */,
				C5498C821BE8994F0076A7C5 /* UIImageView.swift in Sources */,
				C5C1CE5B1A70DADF00B6E411 /* NonMenuController.swift in Sources */,
				C5498C7E1BE897250076A7C5 /* ImageHeaderView.swift in Sources */,
				C5BF6A861BEF4C080064C18E /* SubContentsViewController.swift in Sources */,
				C5BD39DC1A6CD15700D0AF95 /* JavaViewController.swift in Sources */,
				C5BA8AA61A43E2EF00863FB9 /* SlideMenuController.swift in Sources */,
				C539E66E1A316F5F003B7CC7 /* RightViewController.swift in Sources */,
				C5C1CE5F1A70F2FD00B6E411 /* String.swift in Sources */,
				C5F179D01BEB2CB500EEDD9A /* UIView.swift in Sources */,
				C5BD39DA1A6CD12300D0AF95 /* SwiftViewController.swift in Sources */,
			);
			runOnlyForDeploymentPostprocessing = 0;
		};
		C539E6551A315E87003B7CC7 /* Sources */ = {
			isa = PBXSourcesBuildPhase;
			buildActionMask = 2147483647;
			files = (
				C539E6601A315E87003B7CC7 /* SlideMenuControllerSwiftTests.swift in Sources */,
			);
			runOnlyForDeploymentPostprocessing = 0;
		};
/* End PBXSourcesBuildPhase section */

/* Begin PBXTargetDependency section */
		C539E65B1A315E87003B7CC7 /* PBXTargetDependency */ = {
			isa = PBXTargetDependency;
			target = C539E6401A315E87003B7CC7 /* SlideMenuControllerSwift */;
			targetProxy = C539E65A1A315E87003B7CC7 /* PBXContainerItemProxy */;
		};
/* End PBXTargetDependency section */

/* Begin PBXVariantGroup section */
		C539E64D1A315E87003B7CC7 /* Main.storyboard */ = {
			isa = PBXVariantGroup;
			children = (
				C539E64E1A315E87003B7CC7 /* Base */,
			);
			name = Main.storyboard;
			sourceTree = "<group>";
		};
		C539E6521A315E87003B7CC7 /* LaunchScreen.xib */ = {
			isa = PBXVariantGroup;
			children = (
				C539E6531A315E87003B7CC7 /* Base */,
			);
			name = LaunchScreen.xib;
			sourceTree = "<group>";
		};
/* End PBXVariantGroup section */

/* Begin XCBuildConfiguration section */
		0E75C59F1BE3CA7900844634 /* Debug */ = {
			isa = XCBuildConfiguration;
			buildSettings = {
				"CODE_SIGN_IDENTITY[sdk=iphoneos*]" = "";
				CURRENT_PROJECT_VERSION = 1;
				DEBUG_INFORMATION_FORMAT = dwarf;
				DEFINES_MODULE = YES;
				DYLIB_COMPATIBILITY_VERSION = 1;
				DYLIB_CURRENT_VERSION = 1;
				DYLIB_INSTALL_NAME_BASE = "@rpath";
				ENABLE_TESTABILITY = YES;
				GCC_NO_COMMON_BLOCKS = YES;
				INFOPLIST_FILE = Source/Info.plist;
				INSTALL_PATH = "$(LOCAL_LIBRARY_DIR)/Frameworks";
				IPHONEOS_DEPLOYMENT_TARGET = 8.0;
				LD_RUNPATH_SEARCH_PATHS = "$(inherited) @executable_path/Frameworks @loader_path/Frameworks";
				PRODUCT_BUNDLE_IDENTIFIER = dekatotoro.SlideMenuControllerSwift;
				PRODUCT_NAME = "$(PROJECT_NAME)";
				SKIP_INSTALL = YES;
				SWIFT_VERSION = 4.0;
				VERSIONING_SYSTEM = "apple-generic";
				VERSION_INFO_PREFIX = "";
			};
			name = Debug;
		};
		0E75C5A01BE3CA7900844634 /* Release */ = {
			isa = XCBuildConfiguration;
			buildSettings = {
				"CODE_SIGN_IDENTITY[sdk=iphoneos*]" = "";
				COPY_PHASE_STRIP = NO;
				CURRENT_PROJECT_VERSION = 1;
				DEBUG_INFORMATION_FORMAT = "dwarf-with-dsym";
				DEFINES_MODULE = YES;
				DYLIB_COMPATIBILITY_VERSION = 1;
				DYLIB_CURRENT_VERSION = 1;
				DYLIB_INSTALL_NAME_BASE = "@rpath";
				GCC_NO_COMMON_BLOCKS = YES;
				INFOPLIST_FILE = Source/Info.plist;
				INSTALL_PATH = "$(LOCAL_LIBRARY_DIR)/Frameworks";
				IPHONEOS_DEPLOYMENT_TARGET = 8.0;
				LD_RUNPATH_SEARCH_PATHS = "$(inherited) @executable_path/Frameworks @loader_path/Frameworks";
				PRODUCT_BUNDLE_IDENTIFIER = dekatotoro.SlideMenuControllerSwift;
				PRODUCT_NAME = "$(PROJECT_NAME)";
				SKIP_INSTALL = YES;
				SWIFT_VERSION = 4.0;
				VERSIONING_SYSTEM = "apple-generic";
				VERSION_INFO_PREFIX = "";
			};
			name = Release;
		};
		C539E6611A315E87003B7CC7 /* Debug */ = {
			isa = XCBuildConfiguration;
			buildSettings = {
				ALWAYS_SEARCH_USER_PATHS = NO;
				CLANG_CXX_LANGUAGE_STANDARD = "gnu++0x";
				CLANG_CXX_LIBRARY = "libc++";
				CLANG_ENABLE_MODULES = YES;
				CLANG_ENABLE_OBJC_ARC = YES;
				CLANG_WARN_BLOCK_CAPTURE_AUTORELEASING = YES;
				CLANG_WARN_BOOL_CONVERSION = YES;
				CLANG_WARN_COMMA = YES;
				CLANG_WARN_CONSTANT_CONVERSION = YES;
				CLANG_WARN_DIRECT_OBJC_ISA_USAGE = YES_ERROR;
				CLANG_WARN_EMPTY_BODY = YES;
				CLANG_WARN_ENUM_CONVERSION = YES;
				CLANG_WARN_INFINITE_RECURSION = YES;
				CLANG_WARN_INT_CONVERSION = YES;
				CLANG_WARN_NON_LITERAL_NULL_CONVERSION = YES;
				CLANG_WARN_OBJC_LITERAL_CONVERSION = YES;
				CLANG_WARN_OBJC_ROOT_CLASS = YES_ERROR;
				CLANG_WARN_RANGE_LOOP_ANALYSIS = YES;
				CLANG_WARN_STRICT_PROTOTYPES = YES;
				CLANG_WARN_SUSPICIOUS_MOVE = YES;
				CLANG_WARN_UNREACHABLE_CODE = YES;
				CLANG_WARN__DUPLICATE_METHOD_MATCH = YES;
				"CODE_SIGN_IDENTITY[sdk=iphoneos*]" = "iPhone Developer";
				COPY_PHASE_STRIP = NO;
				ENABLE_STRICT_OBJC_MSGSEND = YES;
				ENABLE_TESTABILITY = YES;
				GCC_C_LANGUAGE_STANDARD = gnu99;
				GCC_DYNAMIC_NO_PIC = NO;
				GCC_NO_COMMON_BLOCKS = YES;
				GCC_OPTIMIZATION_LEVEL = 0;
				GCC_PREPROCESSOR_DEFINITIONS = (
					"DEBUG=1",
					"$(inherited)",
				);
				GCC_SYMBOLS_PRIVATE_EXTERN = NO;
				GCC_WARN_64_TO_32_BIT_CONVERSION = YES;
				GCC_WARN_ABOUT_RETURN_TYPE = YES_ERROR;
				GCC_WARN_UNDECLARED_SELECTOR = YES;
				GCC_WARN_UNINITIALIZED_AUTOS = YES_AGGRESSIVE;
				GCC_WARN_UNUSED_FUNCTION = YES;
				GCC_WARN_UNUSED_VARIABLE = YES;
				IPHONEOS_DEPLOYMENT_TARGET = 8.0;
				MTL_ENABLE_DEBUG_INFO = YES;
				ONLY_ACTIVE_ARCH = YES;
				SDKROOT = iphoneos;
				SWIFT_OPTIMIZATION_LEVEL = "-Onone";
				SWIFT_VERSION = 4.0;
				TARGETED_DEVICE_FAMILY = "1,2";
			};
			name = Debug;
		};
		C539E6621A315E87003B7CC7 /* Release */ = {
			isa = XCBuildConfiguration;
			buildSettings = {
				ALWAYS_SEARCH_USER_PATHS = NO;
				CLANG_CXX_LANGUAGE_STANDARD = "gnu++0x";
				CLANG_CXX_LIBRARY = "libc++";
				CLANG_ENABLE_MODULES = YES;
				CLANG_ENABLE_OBJC_ARC = YES;
				CLANG_WARN_BLOCK_CAPTURE_AUTORELEASING = YES;
				CLANG_WARN_BOOL_CONVERSION = YES;
				CLANG_WARN_COMMA = YES;
				CLANG_WARN_CONSTANT_CONVERSION = YES;
				CLANG_WARN_DIRECT_OBJC_ISA_USAGE = YES_ERROR;
				CLANG_WARN_EMPTY_BODY = YES;
				CLANG_WARN_ENUM_CONVERSION = YES;
				CLANG_WARN_INFINITE_RECURSION = YES;
				CLANG_WARN_INT_CONVERSION = YES;
				CLANG_WARN_NON_LITERAL_NULL_CONVERSION = YES;
				CLANG_WARN_OBJC_LITERAL_CONVERSION = YES;
				CLANG_WARN_OBJC_ROOT_CLASS = YES_ERROR;
				CLANG_WARN_RANGE_LOOP_ANALYSIS = YES;
				CLANG_WARN_STRICT_PROTOTYPES = YES;
				CLANG_WARN_SUSPICIOUS_MOVE = YES;
				CLANG_WARN_UNREACHABLE_CODE = YES;
				CLANG_WARN__DUPLICATE_METHOD_MATCH = YES;
				"CODE_SIGN_IDENTITY[sdk=iphoneos*]" = "iPhone Developer";
				COPY_PHASE_STRIP = YES;
				ENABLE_NS_ASSERTIONS = NO;
				ENABLE_STRICT_OBJC_MSGSEND = YES;
				GCC_C_LANGUAGE_STANDARD = gnu99;
				GCC_NO_COMMON_BLOCKS = YES;
				GCC_WARN_64_TO_32_BIT_CONVERSION = YES;
				GCC_WARN_ABOUT_RETURN_TYPE = YES_ERROR;
				GCC_WARN_UNDECLARED_SELECTOR = YES;
				GCC_WARN_UNINITIALIZED_AUTOS = YES_AGGRESSIVE;
				GCC_WARN_UNUSED_FUNCTION = YES;
				GCC_WARN_UNUSED_VARIABLE = YES;
				IPHONEOS_DEPLOYMENT_TARGET = 8.0;
				MTL_ENABLE_DEBUG_INFO = NO;
				SDKROOT = iphoneos;
				SWIFT_OPTIMIZATION_LEVEL = "-Owholemodule";
				SWIFT_VERSION = 4.0;
				TARGETED_DEVICE_FAMILY = "1,2";
				VALIDATE_PRODUCT = YES;
			};
			name = Release;
		};
		C539E6641A315E87003B7CC7 /* Debug */ = {
			isa = XCBuildConfiguration;
			buildSettings = {
				ASSETCATALOG_COMPILER_APPICON_NAME = AppIcon;
				INFOPLIST_FILE = SlideMenuControllerSwift/Info.plist;
				IPHONEOS_DEPLOYMENT_TARGET = 8.0;
				LD_RUNPATH_SEARCH_PATHS = "$(inherited) @executable_path/Frameworks";
				PRODUCT_BUNDLE_IDENTIFIER = "dekatotoro.$(PRODUCT_NAME:rfc1034identifier)";
				PRODUCT_NAME = "$(TARGET_NAME)";
				SWIFT_VERSION = 4.0;
				TARGETED_DEVICE_FAMILY = "1,2";
			};
			name = Debug;
		};
		C539E6651A315E87003B7CC7 /* Release */ = {
			isa = XCBuildConfiguration;
			buildSettings = {
				ASSETCATALOG_COMPILER_APPICON_NAME = AppIcon;
				INFOPLIST_FILE = SlideMenuControllerSwift/Info.plist;
				IPHONEOS_DEPLOYMENT_TARGET = 8.0;
				LD_RUNPATH_SEARCH_PATHS = "$(inherited) @executable_path/Frameworks";
				ONLY_ACTIVE_ARCH = YES;
				PRODUCT_BUNDLE_IDENTIFIER = "dekatotoro.$(PRODUCT_NAME:rfc1034identifier)";
				PRODUCT_NAME = "$(TARGET_NAME)";
				SWIFT_VERSION = 4.0;
				TARGETED_DEVICE_FAMILY = "1,2";
			};
			name = Release;
		};
		C539E6671A315E87003B7CC7 /* Debug */ = {
			isa = XCBuildConfiguration;
			buildSettings = {
				BUNDLE_LOADER = "$(TEST_HOST)";
				FRAMEWORK_SEARCH_PATHS = "$(inherited)";
				GCC_PREPROCESSOR_DEFINITIONS = (
					"DEBUG=1",
					"$(inherited)",
				);
				INFOPLIST_FILE = SlideMenuControllerSwiftTests/Info.plist;
				LD_RUNPATH_SEARCH_PATHS = "$(inherited) @executable_path/Frameworks @loader_path/Frameworks";
				PRODUCT_BUNDLE_IDENTIFIER = "dekatotoro.$(PRODUCT_NAME:rfc1034identifier)";
				PRODUCT_NAME = "$(TARGET_NAME)";
				SWIFT_VERSION = 4.0;
				TEST_HOST = "$(BUILT_PRODUCTS_DIR)/SlideMenuControllerSwift.app/SlideMenuControllerSwift";
			};
			name = Debug;
		};
		C539E6681A315E87003B7CC7 /* Release */ = {
			isa = XCBuildConfiguration;
			buildSettings = {
				BUNDLE_LOADER = "$(TEST_HOST)";
				FRAMEWORK_SEARCH_PATHS = "$(inherited)";
				INFOPLIST_FILE = SlideMenuControllerSwiftTests/Info.plist;
				LD_RUNPATH_SEARCH_PATHS = "$(inherited) @executable_path/Frameworks @loader_path/Frameworks";
				PRODUCT_BUNDLE_IDENTIFIER = "dekatotoro.$(PRODUCT_NAME:rfc1034identifier)";
				PRODUCT_NAME = "$(TARGET_NAME)";
				SWIFT_VERSION = 4.0;
				TEST_HOST = "$(BUILT_PRODUCTS_DIR)/SlideMenuControllerSwift.app/SlideMenuControllerSwift";
			};
			name = Release;
		};
/* End XCBuildConfiguration section */

/* Begin XCConfigurationList section */
		0E75C5A11BE3CA7900844634 /* Build configuration list for PBXNativeTarget "SlideMenuControllerSwift-iOS" */ = {
			isa = XCConfigurationList;
			buildConfigurations = (
				0E75C59F1BE3CA7900844634 /* Debug */,
				0E75C5A01BE3CA7900844634 /* Release */,
			);
			defaultConfigurationIsVisible = 0;
			defaultConfigurationName = Release;
		};
		C539E63C1A315E87003B7CC7 /* Build configuration list for PBXProject "SlideMenuControllerSwift" */ = {
			isa = XCConfigurationList;
			buildConfigurations = (
				C539E6611A315E87003B7CC7 /* Debug */,
				C539E6621A315E87003B7CC7 /* Release */,
			);
			defaultConfigurationIsVisible = 0;
			defaultConfigurationName = Release;
		};
		C539E6631A315E87003B7CC7 /* Build configuration list for PBXNativeTarget "SlideMenuControllerSwift" */ = {
			isa = XCConfigurationList;
			buildConfigurations = (
				C539E6641A315E87003B7CC7 /* Debug */,
				C539E6651A315E87003B7CC7 /* Release */,
			);
			defaultConfigurationIsVisible = 0;
			defaultConfigurationName = Release;
		};
		C539E6661A315E87003B7CC7 /* Build configuration list for PBXNativeTarget "SlideMenuControllerSwiftTests" */ = {
			isa = XCConfigurationList;
			buildConfigurations = (
				C539E6671A315E87003B7CC7 /* Debug */,
				C539E6681A315E87003B7CC7 /* Release */,
			);
			defaultConfigurationIsVisible = 0;
			defaultConfigurationName = Release;
		};
/* End XCConfigurationList section */

/* Begin XCVersionGroup section */
		C539E6481A315E87003B7CC7 /* SlideMenuControllerSwift.xcdatamodeld */ = {
			isa = XCVersionGroup;
			children = (
				C539E6491A315E87003B7CC7 /* SlideMenuControllerSwift.xcdatamodel */,
			);
			currentVersion = C539E6491A315E87003B7CC7 /* SlideMenuControllerSwift.xcdatamodel */;
			path = SlideMenuControllerSwift.xcdatamodeld;
			sourceTree = "<group>";
			versionGroupType = wrapper.xcdatamodel;
		};
/* End XCVersionGroup section */
	};
	rootObject = C539E6391A315E87003B7CC7 /* Project object */;
}
