// !$*UTF8*$!
{
	archiveVersion = 1;
	classes = {
	};
	objectVersion = 46;
	objects = {

/* Begin PBXBuildFile section */
		C539E6471A315E87003B7CC7 /* AppDelegate.swift in Sources */ = {isa = PBXBuildFile; fileRef = C539E6461A315E87003B7CC7 /* AppDelegate.swift */; };
		C539E64A1A315E87003B7CC7 /* SlideMenuControllerSwift.xcdatamodeld in Sources */ = {isa = PBXBuildFile; fileRef = C539E6481A315E87003B7CC7 /* SlideMenuControllerSwift.xcdatamodeld */; };
		C539E64C1A315E87003B7CC7 /* MainViewController.swift in Sources */ = {isa = PBXBuildFile; fileRef = C539E64B1A315E87003B7CC7 /* MainViewController.swift */; };
		C539E64F1A315E87003B7CC7 /* Main.storyboard in Resources */ = {isa = PBXBuildFile; fileRef = C539E64D1A315E87003B7CC7 /* Main.storyboard */; };
		C539E6511A315E87003B7CC7 /* Images.xcassets in Resources */ = {isa = PBXBuildFile; fileRef = C539E6501A315E87003B7CC7 /* Images.xcassets */; };
		C539E6541A315E87003B7CC7 /* LaunchScreen.xib in Resources */ = {isa = PBXBuildFile; fileRef = C539E6521A315E87003B7CC7 /* LaunchScreen.xib */; };
		C539E6601A315E87003B7CC7 /* SlideMenuControllerSwiftTests.swift in Sources */ = {isa = PBXBuildFile; fileRef = C539E65F1A315E87003B7CC7 /* SlideMenuControllerSwiftTests.swift */; };
		C539E66C1A316C78003B7CC7 /* LeftViewController.swift in Sources */ = {isa = PBXBuildFile; fileRef = C539E66B1A316C78003B7CC7 /* LeftViewController.swift */; };
		C539E66E1A316F5F003B7CC7 /* RightViewController.swift in Sources */ = {isa = PBXBuildFile; fileRef = C539E66D1A316F5F003B7CC7 /* RightViewController.swift */; };
		C5BA8AA61A43E2EF00863FB9 /* SlideMenuController.swift in Sources */ = {isa = PBXBuildFile; fileRef = C5BA8AA51A43E2EF00863FB9 /* SlideMenuController.swift */; };
		C5BD39DA1A6CD12300D0AF95 /* SwiftViewController.swift in Sources */ = {isa = PBXBuildFile; fileRef = C5BD39D91A6CD12300D0AF95 /* SwiftViewController.swift */; };
		C5BD39DC1A6CD15700D0AF95 /* JavaViewController.swift in Sources */ = {isa = PBXBuildFile; fileRef = C5BD39DB1A6CD15700D0AF95 /* JavaViewController.swift */; };
		C5BD39DE1A6CD17B00D0AF95 /* GoViewController.swift in Sources */ = {isa = PBXBuildFile; fileRef = C5BD39DD1A6CD17B00D0AF95 /* GoViewController.swift */; };
		C5BD39E01A6CDC8100D0AF95 /* UIViewControllerExtension.swift in Sources */ = {isa = PBXBuildFile; fileRef = C5BD39DF1A6CDC8100D0AF95 /* UIViewControllerExtension.swift */; };
		C5C1CE5B1A70DADF00B6E411 /* NonMenuController.swift in Sources */ = {isa = PBXBuildFile; fileRef = C5C1CE5A1A70DADF00B6E411 /* NonMenuController.swift */; };
		C5C1CE5D1A70F27500B6E411 /* BaseTableViewCell.swift in Sources */ = {isa = PBXBuildFile; fileRef = C5C1CE5C1A70F27500B6E411 /* BaseTableViewCell.swift */; };
		C5C1CE5F1A70F2FD00B6E411 /* StringExtension.swift in Sources */ = {isa = PBXBuildFile; fileRef = C5C1CE5E1A70F2FD00B6E411 /* StringExtension.swift */; };
		C5C1CE611A70F3B600B6E411 /* UITableViewExtension.swift in Sources */ = {isa = PBXBuildFile; fileRef = C5C1CE601A70F3B600B6E411 /* UITableViewExtension.swift */; };
/* End PBXBuildFile section */

/* Begin PBXContainerItemProxy section */
		C539E65A1A315E87003B7CC7 /* PBXContainerItemProxy */ = {
			isa = PBXContainerItemProxy;
			containerPortal = C539E6391A315E87003B7CC7 /* Project object */;
			proxyType = 1;
			remoteGlobalIDString = C539E6401A315E87003B7CC7;
			remoteInfo = SlideMenuControllerSwift;
		};
/* End PBXContainerItemProxy section */

/* Begin PBXFileReference section */
		C539E6411A315E87003B7CC7 /* SlideMenuControllerSwift.app */ = {isa = PBXFileReference; explicitFileType = wrapper.application; includeInIndex = 0; path = SlideMenuControllerSwift.app; sourceTree = BUILT_PRODUCTS_DIR; };
		C539E6451A315E87003B7CC7 /* Info.plist */ = {isa = PBXFileReference; lastKnownFileType = text.plist.xml; path = Info.plist; sourceTree = "<group>"; };
		C539E6461A315E87003B7CC7 /* AppDelegate.swift */ = {isa = PBXFileReference; lastKnownFileType = sourcecode.swift; path = AppDelegate.swift; sourceTree = "<group>"; };
		C539E6491A315E87003B7CC7 /* SlideMenuControllerSwift.xcdatamodel */ = {isa = PBXFileReference; lastKnownFileType = wrapper.xcdatamodel; path = SlideMenuControllerSwift.xcdatamodel; sourceTree = "<group>"; };
		C539E64B1A315E87003B7CC7 /* MainViewController.swift */ = {isa = PBXFileReference; lastKnownFileType = sourcecode.swift; path = MainViewController.swift; sourceTree = "<group>"; };
		C539E64E1A315E87003B7CC7 /* Base */ = {isa = PBXFileReference; lastKnownFileType = file.storyboard; name = Base; path = Base.lproj/Main.storyboard; sourceTree = "<group>"; };
		C539E6501A315E87003B7CC7 /* Images.xcassets */ = {isa = PBXFileReference; lastKnownFileType = folder.assetcatalog; path = Images.xcassets; sourceTree = "<group>"; };
		C539E6531A315E87003B7CC7 /* Base */ = {isa = PBXFileReference; lastKnownFileType = file.xib; name = Base; path = Base.lproj/LaunchScreen.xib; sourceTree = "<group>"; };
		C539E6591A315E87003B7CC7 /* SlideMenuControllerSwiftTests.xctest */ = {isa = PBXFileReference; explicitFileType = wrapper.cfbundle; includeInIndex = 0; path = SlideMenuControllerSwiftTests.xctest; sourceTree = BUILT_PRODUCTS_DIR; };
		C539E65E1A315E87003B7CC7 /* Info.plist */ = {isa = PBXFileReference; lastKnownFileType = text.plist.xml; path = Info.plist; sourceTree = "<group>"; };
		C539E65F1A315E87003B7CC7 /* SlideMenuControllerSwiftTests.swift */ = {isa = PBXFileReference; lastKnownFileType = sourcecode.swift; path = SlideMenuControllerSwiftTests.swift; sourceTree = "<group>"; };
		C539E66B1A316C78003B7CC7 /* LeftViewController.swift */ = {isa = PBXFileReference; fileEncoding = 4; lastKnownFileType = sourcecode.swift; path = LeftViewController.swift; sourceTree = "<group>"; };
		C539E66D1A316F5F003B7CC7 /* RightViewController.swift */ = {isa = PBXFileReference; fileEncoding = 4; lastKnownFileType = sourcecode.swift; path = RightViewController.swift; sourceTree = "<group>"; };
		C5BA8AA51A43E2EF00863FB9 /* SlideMenuController.swift */ = {isa = PBXFileReference; fileEncoding = 4; lastKnownFileType = sourcecode.swift; name = SlideMenuController.swift; path = Source/SlideMenuController.swift; sourceTree = "<group>"; };
		C5BD39D91A6CD12300D0AF95 /* SwiftViewController.swift */ = {isa = PBXFileReference; fileEncoding = 4; lastKnownFileType = sourcecode.swift; path = SwiftViewController.swift; sourceTree = "<group>"; };
		C5BD39DB1A6CD15700D0AF95 /* JavaViewController.swift */ = {isa = PBXFileReference; fileEncoding = 4; lastKnownFileType = sourcecode.swift; path = JavaViewController.swift; sourceTree = "<group>"; };
		C5BD39DD1A6CD17B00D0AF95 /* GoViewController.swift */ = {isa = PBXFileReference; fileEncoding = 4; lastKnownFileType = sourcecode.swift; path = GoViewController.swift; sourceTree = "<group>"; };
		C5BD39DF1A6CDC8100D0AF95 /* UIViewControllerExtension.swift */ = {isa = PBXFileReference; fileEncoding = 4; lastKnownFileType = sourcecode.swift; path = UIViewControllerExtension.swift; sourceTree = "<group>"; };
		C5C1CE5A1A70DADF00B6E411 /* NonMenuController.swift */ = {isa = PBXFileReference; fileEncoding = 4; lastKnownFileType = sourcecode.swift; path = NonMenuController.swift; sourceTree = "<group>"; };
		C5C1CE5C1A70F27500B6E411 /* BaseTableViewCell.swift */ = {isa = PBXFileReference; fileEncoding = 4; lastKnownFileType = sourcecode.swift; path = BaseTableViewCell.swift; sourceTree = "<group>"; };
		C5C1CE5E1A70F2FD00B6E411 /* StringExtension.swift */ = {isa = PBXFileReference; fileEncoding = 4; lastKnownFileType = sourcecode.swift; path = StringExtension.swift; sourceTree = "<group>"; };
		C5C1CE601A70F3B600B6E411 /* UITableViewExtension.swift */ = {isa = PBXFileReference; fileEncoding = 4; lastKnownFileType = sourcecode.swift; path = UITableViewExtension.swift; sourceTree = "<group>"; };
/* End PBXFileReference section */

/* Begin PBXFrameworksBuildPhase section */
		C539E63E1A315E87003B7CC7 /* Frameworks */ = {
			isa = PBXFrameworksBuildPhase;
			buildActionMask = 2147483647;
			files = (
			);
			runOnlyForDeploymentPostprocessing = 0;
		};
		C539E6561A315E87003B7CC7 /* Frameworks */ = {
			isa = PBXFrameworksBuildPhase;
			buildActionMask = 2147483647;
			files = (
			);
			runOnlyForDeploymentPostprocessing = 0;
		};
/* End PBXFrameworksBuildPhase section */

/* Begin PBXGroup section */
		C539E6381A315E87003B7CC7 = {
			isa = PBXGroup;
			children = (
				C5BA8AA41A43E24C00863FB9 /* Source */,
				C539E6431A315E87003B7CC7 /* SlideMenuControllerSwift */,
				C539E65C1A315E87003B7CC7 /* SlideMenuControllerSwiftTests */,
				C539E6421A315E87003B7CC7 /* Products */,
			);
			sourceTree = "<group>";
		};
		C539E6421A315E87003B7CC7 /* Products */ = {
			isa = PBXGroup;
			children = (
				C539E6411A315E87003B7CC7 /* SlideMenuControllerSwift.app */,
				C539E6591A315E87003B7CC7 /* SlideMenuControllerSwiftTests.xctest */,
			);
			name = Products;
			sourceTree = "<group>";
		};
		C539E6431A315E87003B7CC7 /* SlideMenuControllerSwift */ = {
			isa = PBXGroup;
			children = (
				C539E6461A315E87003B7CC7 /* AppDelegate.swift */,
				C5C1CE631A70F7C400B6E411 /* ViewController */,
				C5C1CE641A70F7EC00B6E411 /* View */,
				C5C1CE621A70F7AA00B6E411 /* Extension */,
				C539E6501A315E87003B7CC7 /* Images.xcassets */,
				C539E6521A315E87003B7CC7 /* LaunchScreen.xib */,
				C539E6481A315E87003B7CC7 /* SlideMenuControllerSwift.xcdatamodeld */,
				C539E6441A315E87003B7CC7 /* Supporting Files */,
			);
			path = SlideMenuControllerSwift;
			sourceTree = "<group>";
		};
		C539E6441A315E87003B7CC7 /* Supporting Files */ = {
			isa = PBXGroup;
			children = (
				C539E6451A315E87003B7CC7 /* Info.plist */,
			);
			name = "Supporting Files";
			sourceTree = "<group>";
		};
		C539E65C1A315E87003B7CC7 /* SlideMenuControllerSwiftTests */ = {
			isa = PBXGroup;
			children = (
				C539E65F1A315E87003B7CC7 /* SlideMenuControllerSwiftTests.swift */,
				C539E65D1A315E87003B7CC7 /* Supporting Files */,
			);
			path = SlideMenuControllerSwiftTests;
			sourceTree = "<group>";
		};
		C539E65D1A315E87003B7CC7 /* Supporting Files */ = {
			isa = PBXGroup;
			children = (
				C539E65E1A315E87003B7CC7 /* Info.plist */,
			);
			name = "Supporting Files";
			sourceTree = "<group>";
		};
		C5BA8AA41A43E24C00863FB9 /* Source */ = {
			isa = PBXGroup;
			children = (
				C5BA8AA51A43E2EF00863FB9 /* SlideMenuController.swift */,
			);
			name = Source;
			sourceTree = "<group>";
		};
		C5C1CE621A70F7AA00B6E411 /* Extension */ = {
			isa = PBXGroup;
			children = (
				C5C1CE5E1A70F2FD00B6E411 /* StringExtension.swift */,
				C5C1CE601A70F3B600B6E411 /* UITableViewExtension.swift */,
				C5BD39DF1A6CDC8100D0AF95 /* UIViewControllerExtension.swift */,
			);
			name = Extension;
			sourceTree = "<group>";
		};
		C5C1CE631A70F7C400B6E411 /* ViewController */ = {
			isa = PBXGroup;
			children = (
				C539E64B1A315E87003B7CC7 /* MainViewController.swift */,
				C539E66B1A316C78003B7CC7 /* LeftViewController.swift */,
				C539E66D1A316F5F003B7CC7 /* RightViewController.swift */,
				C5BD39D91A6CD12300D0AF95 /* SwiftViewController.swift */,
				C5BD39DB1A6CD15700D0AF95 /* JavaViewController.swift */,
				C5BD39DD1A6CD17B00D0AF95 /* GoViewController.swift */,
				C5C1CE5A1A70DADF00B6E411 /* NonMenuController.swift */,
				C539E64D1A315E87003B7CC7 /* Main.storyboard */,
			);
			name = ViewController;
			sourceTree = "<group>";
		};
		C5C1CE641A70F7EC00B6E411 /* View */ = {
			isa = PBXGroup;
			children = (
				C5C1CE651A70F80600B6E411 /* Common */,
			);
			name = View;
			sourceTree = "<group>";
		};
		C5C1CE651A70F80600B6E411 /* Common */ = {
			isa = PBXGroup;
			children = (
				C5C1CE661A70F81100B6E411 /* BaseClasses */,
			);
			name = Common;
			sourceTree = "<group>";
		};
		C5C1CE661A70F81100B6E411 /* BaseClasses */ = {
			isa = PBXGroup;
			children = (
				C5C1CE5C1A70F27500B6E411 /* BaseTableViewCell.swift */,
			);
			name = BaseClasses;
			sourceTree = "<group>";
		};
/* End PBXGroup section */

/* Begin PBXNativeTarget section */
		C539E6401A315E87003B7CC7 /* SlideMenuControllerSwift */ = {
			isa = PBXNativeTarget;
			buildConfigurationList = C539E6631A315E87003B7CC7 /* Build configuration list for PBXNativeTarget "SlideMenuControllerSwift" */;
			buildPhases = (
				C539E63D1A315E87003B7CC7 /* Sources */,
				C539E63E1A315E87003B7CC7 /* Frameworks */,
				C539E63F1A315E87003B7CC7 /* Resources */,
			);
			buildRules = (
			);
			dependencies = (
			);
			name = SlideMenuControllerSwift;
			productName = SlideMenuControllerSwift;
			productReference = C539E6411A315E87003B7CC7 /* SlideMenuControllerSwift.app */;
			productType = "com.apple.product-type.application";
		};
		C539E6581A315E87003B7CC7 /* SlideMenuControllerSwiftTests */ = {
			isa = PBXNativeTarget;
			buildConfigurationList = C539E6661A315E87003B7CC7 /* Build configuration list for PBXNativeTarget "SlideMenuControllerSwiftTests" */;
			buildPhases = (
				C539E6551A315E87003B7CC7 /* Sources */,
				C539E6561A315E87003B7CC7 /* Frameworks */,
				C539E6571A315E87003B7CC7 /* Resources */,
			);
			buildRules = (
			);
			dependencies = (
				C539E65B1A315E87003B7CC7 /* PBXTargetDependency */,
			);
			name = SlideMenuControllerSwiftTests;
			productName = SlideMenuControllerSwiftTests;
			productReference = C539E6591A315E87003B7CC7 /* SlideMenuControllerSwiftTests.xctest */;
			productType = "com.apple.product-type.bundle.unit-test";
		};
/* End PBXNativeTarget section */

/* Begin PBXProject section */
		C539E6391A315E87003B7CC7 /* Project object */ = {
			isa = PBXProject;
			attributes = {
				LastUpgradeCheck = 0610;
				ORGANIZATIONNAME = "Yuji Hato";
				TargetAttributes = {
					C539E6401A315E87003B7CC7 = {
						CreatedOnToolsVersion = 6.1.1;
					};
					C539E6581A315E87003B7CC7 = {
						CreatedOnToolsVersion = 6.1.1;
						TestTargetID = C539E6401A315E87003B7CC7;
					};
				};
			};
			buildConfigurationList = C539E63C1A315E87003B7CC7 /* Build configuration list for PBXProject "SlideMenuControllerSwift" */;
			compatibilityVersion = "Xcode 3.2";
			developmentRegion = English;
			hasScannedForEncodings = 0;
			knownRegions = (
				en,
				Base,
			);
			mainGroup = C539E6381A315E87003B7CC7;
			productRefGroup = C539E6421A315E87003B7CC7 /* Products */;
			projectDirPath = "";
			projectRoot = "";
			targets = (
				C539E6401A315E87003B7CC7 /* SlideMenuControllerSwift */,
				C539E6581A315E87003B7CC7 /* SlideMenuControllerSwiftTests */,
			);
		};
/* End PBXProject section */

/* Begin PBXResourcesBuildPhase section */
		C539E63F1A315E87003B7CC7 /* Resources */ = {
			isa = PBXResourcesBuildPhase;
			buildActionMask = 2147483647;
			files = (
				C539E64F1A315E87003B7CC7 /* Main.storyboard in Resources */,
				C539E6541A315E87003B7CC7 /* LaunchScreen.xib in Resources */,
				C539E6511A315E87003B7CC7 /* Images.xcassets in Resources */,
			);
			runOnlyForDeploymentPostprocessing = 0;
		};
		C539E6571A315E87003B7CC7 /* Resources */ = {
			isa = PBXResourcesBuildPhase;
			buildActionMask = 2147483647;
			files = (
			);
			runOnlyForDeploymentPostprocessing = 0;
		};
/* End PBXResourcesBuildPhase section */

/* Begin PBXSourcesBuildPhase section */
		C539E63D1A315E87003B7CC7 /* Sources */ = {
			isa = PBXSourcesBuildPhase;
			buildActionMask = 2147483647;
			files = (
				C5BD39DE1A6CD17B00D0AF95 /* GoViewController.swift in Sources */,
				C539E64C1A315E87003B7CC7 /* MainViewController.swift in Sources */,
				C5BD39E01A6CDC8100D0AF95 /* UIViewControllerExtension.swift in Sources */,
				C5C1CE611A70F3B600B6E411 /* UITableViewExtension.swift in Sources */,
				C539E64A1A315E87003B7CC7 /* SlideMenuControllerSwift.xcdatamodeld in Sources */,
				C5C1CE5D1A70F27500B6E411 /* BaseTableViewCell.swift in Sources */,
				C539E66C1A316C78003B7CC7 /* LeftViewController.swift in Sources */,
				C539E6471A315E87003B7CC7 /* AppDelegate.swift in Sources */,
				C5C1CE5B1A70DADF00B6E411 /* NonMenuController.swift in Sources */,
				C5BD39DC1A6CD15700D0AF95 /* JavaViewController.swift in Sources */,
				C5BA8AA61A43E2EF00863FB9 /* SlideMenuController.swift in Sources */,
				C539E66E1A316F5F003B7CC7 /* RightViewController.swift in Sources */,
				C5C1CE5F1A70F2FD00B6E411 /* StringExtension.swift in Sources */,
				C5BD39DA1A6CD12300D0AF95 /* SwiftViewController.swift in Sources */,
			);
			runOnlyForDeploymentPostprocessing = 0;
		};
		C539E6551A315E87003B7CC7 /* Sources */ = {
			isa = PBXSourcesBuildPhase;
			buildActionMask = 2147483647;
			files = (
				C539E6601A315E87003B7CC7 /* SlideMenuControllerSwiftTests.swift in Sources */,
			);
			runOnlyForDeploymentPostprocessing = 0;
		};
/* End PBXSourcesBuildPhase section */

/* Begin PBXTargetDependency section */
		C539E65B1A315E87003B7CC7 /* PBXTargetDependency */ = {
			isa = PBXTargetDependency;
			target = C539E6401A315E87003B7CC7 /* SlideMenuControllerSwift */;
			targetProxy = C539E65A1A315E87003B7CC7 /* PBXContainerItemProxy */;
		};
/* End PBXTargetDependency section */

/* Begin PBXVariantGroup section */
		C539E64D1A315E87003B7CC7 /* Main.storyboard */ = {
			isa = PBXVariantGroup;
			children = (
				C539E64E1A315E87003B7CC7 /* Base */,
			);
			name = Main.storyboard;
			sourceTree = "<group>";
		};
		C539E6521A315E87003B7CC7 /* LaunchScreen.xib */ = {
			isa = PBXVariantGroup;
			children = (
				C539E6531A315E87003B7CC7 /* Base */,
			);
			name = LaunchScreen.xib;
			sourceTree = "<group>";
		};
/* End PBXVariantGroup section */

/* Begin XCBuildConfiguration section */
		C539E6611A315E87003B7CC7 /* Debug */ = {
			isa = XCBuildConfiguration;
			buildSettings = {
				ALWAYS_SEARCH_USER_PATHS = NO;
				CLANG_CXX_LANGUAGE_STANDARD = "gnu++0x";
				CLANG_CXX_LIBRARY = "libc++";
				CLANG_ENABLE_MODULES = YES;
				CLANG_ENABLE_OBJC_ARC = YES;
				CLANG_WARN_BOOL_CONVERSION = YES;
				CLANG_WARN_CONSTANT_CONVERSION = YES;
				CLANG_WARN_DIRECT_OBJC_ISA_USAGE = YES_ERROR;
				CLANG_WARN_EMPTY_BODY = YES;
				CLANG_WARN_ENUM_CONVERSION = YES;
				CLANG_WARN_INT_CONVERSION = YES;
				CLANG_WARN_OBJC_ROOT_CLASS = YES_ERROR;
				CLANG_WARN_UNREACHABLE_CODE = YES;
				CLANG_WARN__DUPLICATE_METHOD_MATCH = YES;
				"CODE_SIGN_IDENTITY[sdk=iphoneos*]" = "iPhone Developer";
				COPY_PHASE_STRIP = NO;
				ENABLE_STRICT_OBJC_MSGSEND = YES;
				GCC_C_LANGUAGE_STANDARD = gnu99;
				GCC_DYNAMIC_NO_PIC = NO;
				GCC_OPTIMIZATION_LEVEL = 0;
				GCC_PREPROCESSOR_DEFINITIONS = (
					"DEBUG=1",
					"$(inherited)",
				);
				GCC_SYMBOLS_PRIVATE_EXTERN = NO;
				GCC_WARN_64_TO_32_BIT_CONVERSION = YES;
				GCC_WARN_ABOUT_RETURN_TYPE = YES_ERROR;
				GCC_WARN_UNDECLARED_SELECTOR = YES;
				GCC_WARN_UNINITIALIZED_AUTOS = YES_AGGRESSIVE;
				GCC_WARN_UNUSED_FUNCTION = YES;
				GCC_WARN_UNUSED_VARIABLE = YES;
				IPHONEOS_DEPLOYMENT_TARGET = 8.1;
				MTL_ENABLE_DEBUG_INFO = YES;
				ONLY_ACTIVE_ARCH = YES;
				SDKROOT = iphoneos;
				SWIFT_OPTIMIZATION_LEVEL = "-Onone";
				TARGETED_DEVICE_FAMILY = "1,2";
			};
			name = Debug;
		};
		C539E6621A315E87003B7CC7 /* Release */ = {
			isa = XCBuildConfiguration;
			buildSettings = {
				ALWAYS_SEARCH_USER_PATHS = NO;
				CLANG_CXX_LANGUAGE_STANDARD = "gnu++0x";
				CLANG_CXX_LIBRARY = "libc++";
				CLANG_ENABLE_MODULES = YES;
				CLANG_ENABLE_OBJC_ARC = YES;
				CLANG_WARN_BOOL_CONVERSION = YES;
				CLANG_WARN_CONSTANT_CONVERSION = YES;
				CLANG_WARN_DIRECT_OBJC_ISA_USAGE = YES_ERROR;
				CLANG_WARN_EMPTY_BODY = YES;
				CLANG_WARN_ENUM_CONVERSION = YES;
				CLANG_WARN_INT_CONVERSION = YES;
				CLANG_WARN_OBJC_ROOT_CLASS = YES_ERROR;
				CLANG_WARN_UNREACHABLE_CODE = YES;
				CLANG_WARN__DUPLICATE_METHOD_MATCH = YES;
				"CODE_SIGN_IDENTITY[sdk=iphoneos*]" = "iPhone Developer";
				COPY_PHASE_STRIP = YES;
				ENABLE_NS_ASSERTIONS = NO;
				ENABLE_STRICT_OBJC_MSGSEND = YES;
				GCC_C_LANGUAGE_STANDARD = gnu99;
				GCC_WARN_64_TO_32_BIT_CONVERSION = YES;
				GCC_WARN_ABOUT_RETURN_TYPE = YES_ERROR;
				GCC_WARN_UNDECLARED_SELECTOR = YES;
				GCC_WARN_UNINITIALIZED_AUTOS = YES_AGGRESSIVE;
				GCC_WARN_UNUSED_FUNCTION = YES;
				GCC_WARN_UNUSED_VARIABLE = YES;
				IPHONEOS_DEPLOYMENT_TARGET = 8.1;
				MTL_ENABLE_DEBUG_INFO = NO;
				SDKROOT = iphoneos;
				TARGETED_DEVICE_FAMILY = "1,2";
				VALIDATE_PRODUCT = YES;
			};
			name = Release;
		};
		C539E6641A315E87003B7CC7 /* Debug */ = {
			isa = XCBuildConfiguration;
			buildSettings = {
				ASSETCATALOG_COMPILER_APPICON_NAME = AppIcon;
				INFOPLIST_FILE = SlideMenuControllerSwift/Info.plist;
				IPHONEOS_DEPLOYMENT_TARGET = 7.0;
				LD_RUNPATH_SEARCH_PATHS = "$(inherited) @executable_path/Frameworks";
				PRODUCT_NAME = "$(TARGET_NAME)";
				TARGETED_DEVICE_FAMILY = "1,2";
			};
			name = Debug;
		};
		C539E6651A315E87003B7CC7 /* Release */ = {
			isa = XCBuildConfiguration;
			buildSettings = {
				ASSETCATALOG_COMPILER_APPICON_NAME = AppIcon;
				INFOPLIST_FILE = SlideMenuControllerSwift/Info.plist;
				IPHONEOS_DEPLOYMENT_TARGET = 7.0;
				LD_RUNPATH_SEARCH_PATHS = "$(inherited) @executable_path/Frameworks";
				PRODUCT_NAME = "$(TARGET_NAME)";
				TARGETED_DEVICE_FAMILY = "1,2";
			};
			name = Release;
		};
		C539E6671A315E87003B7CC7 /* Debug */ = {
			isa = XCBuildConfiguration;
			buildSettings = {
				BUNDLE_LOADER = "$(TEST_HOST)";
				FRAMEWORK_SEARCH_PATHS = (
					"$(SDKROOT)/Developer/Library/Frameworks",
					"$(inherited)",
				);
				GCC_PREPROCESSOR_DEFINITIONS = (
					"DEBUG=1",
					"$(inherited)",
				);
				INFOPLIST_FILE = SlideMenuControllerSwiftTests/Info.plist;
				LD_RUNPATH_SEARCH_PATHS = "$(inherited) @executable_path/Frameworks @loader_path/Frameworks";
				PRODUCT_NAME = "$(TARGET_NAME)";
				TEST_HOST = "$(BUILT_PRODUCTS_DIR)/SlideMenuControllerSwift.app/SlideMenuControllerSwift";
			};
			name = Debug;
		};
		C539E6681A315E87003B7CC7 /* Release */ = {
			isa = XCBuildConfiguration;
			buildSettings = {
				BUNDLE_LOADER = "$(TEST_HOST)";
				FRAMEWORK_SEARCH_PATHS = (
					"$(SDKROOT)/Developer/Library/Frameworks",
					"$(inherited)",
				);
				INFOPLIST_FILE = SlideMenuControllerSwiftTests/Info.plist;
				LD_RUNPATH_SEARCH_PATHS = "$(inherited) @executable_path/Frameworks @loader_path/Frameworks";
				PRODUCT_NAME = "$(TARGET_NAME)";
				TEST_HOST = "$(BUILT_PRODUCTS_DIR)/SlideMenuControllerSwift.app/SlideMenuControllerSwift";
			};
			name = Release;
		};
/* End XCBuildConfiguration section */

/* Begin XCConfigurationList section */
		C539E63C1A315E87003B7CC7 /* Build configuration list for PBXProject "SlideMenuControllerSwift" */ = {
			isa = XCConfigurationList;
			buildConfigurations = (
				C539E6611A315E87003B7CC7 /* Debug */,
				C539E6621A315E87003B7CC7 /* Release */,
			);
			defaultConfigurationIsVisible = 0;
			defaultConfigurationName = Release;
		};
		C539E6631A315E87003B7CC7 /* Build configuration list for PBXNativeTarget "SlideMenuControllerSwift" */ = {
			isa = XCConfigurationList;
			buildConfigurations = (
				C539E6641A315E87003B7CC7 /* Debug */,
				C539E6651A315E87003B7CC7 /* Release */,
			);
			defaultConfigurationIsVisible = 0;
			defaultConfigurationName = Release;
		};
		C539E6661A315E87003B7CC7 /* Build configuration list for PBXNativeTarget "SlideMenuControllerSwiftTests" */ = {
			isa = XCConfigurationList;
			buildConfigurations = (
				C539E6671A315E87003B7CC7 /* Debug */,
				C539E6681A315E87003B7CC7 /* Release */,
			);
			defaultConfigurationIsVisible = 0;
			defaultConfigurationName = Release;
		};
/* End XCConfigurationList section */

/* Begin XCVersionGroup section */
		C539E6481A315E87003B7CC7 /* SlideMenuControllerSwift.xcdatamodeld */ = {
			isa = XCVersionGroup;
			children = (
				C539E6491A315E87003B7CC7 /* SlideMenuControllerSwift.xcdatamodel */,
			);
			currentVersion = C539E6491A315E87003B7CC7 /* SlideMenuControllerSwift.xcdatamodel */;
			path = SlideMenuControllerSwift.xcdatamodeld;
			sourceTree = "<group>";
			versionGroupType = wrapper.xcdatamodel;
		};
/* End XCVersionGroup section */
	};
	rootObject = C539E6391A315E87003B7CC7 /* Project object */;
}
